// !$*UTF8*$!
{
	archiveVersion = 1;
	classes = {
	};
	objectVersion = 46;
	objects = {

/* Begin PBXBuildFile section */
		27E2D9631B0C8C2300384475 /* main.m in Sources */ = {isa = PBXBuildFile; fileRef = 27E2D9621B0C8C2300384475 /* main.m */; };
		27E2D9661B0C8C2300384475 /* AppDelegate.m in Sources */ = {isa = PBXBuildFile; fileRef = 27E2D9651B0C8C2300384475 /* AppDelegate.m */; };
		27E2D9691B0C8C2300384475 /* ViewController.m in Sources */ = {isa = PBXBuildFile; fileRef = 27E2D9681B0C8C2300384475 /* ViewController.m */; };
		27E2D96C1B0C8C2300384475 /* Main.storyboard in Resources */ = {isa = PBXBuildFile; fileRef = 27E2D96A1B0C8C2300384475 /* Main.storyboard */; };
		27E2D96E1B0C8C2300384475 /* Images.xcassets in Resources */ = {isa = PBXBuildFile; fileRef = 27E2D96D1B0C8C2300384475 /* Images.xcassets */; };
		27E2D9711B0C8C2300384475 /* LaunchScreen.xib in Resources */ = {isa = PBXBuildFile; fileRef = 27E2D96F1B0C8C2300384475 /* LaunchScreen.xib */; };
		27E2D97D1B0C8C2300384475 /* EventLogTestTests.m in Sources */ = {isa = PBXBuildFile; fileRef = 27E2D97C1B0C8C2300384475 /* EventLogTestTests.m */; };
		27E2D9871B0C8F7800384475 /* readme.txt in Resources */ = {isa = PBXBuildFile; fileRef = 27E2D9861B0C8F7800384475 /* readme.txt */; };
		27E2D98A1B0C907A00384475 /* CustomApplication.m in Sources */ = {isa = PBXBuildFile; fileRef = 27E2D9891B0C907A00384475 /* CustomApplication.m */; };
		27E2D98D1B0C920300384475 /* UIApplication+EventRecord.m in Sources */ = {isa = PBXBuildFile; fileRef = 27E2D98C1B0C920300384475 /* UIApplication+EventRecord.m */; };
/* End PBXBuildFile section */

/* Begin PBXContainerItemProxy section */
		27E2D9771B0C8C2300384475 /* PBXContainerItemProxy */ = {
			isa = PBXContainerItemProxy;
			containerPortal = 27E2D9551B0C8C2300384475 /* Project object */;
			proxyType = 1;
			remoteGlobalIDString = 27E2D95C1B0C8C2300384475;
			remoteInfo = EventLogTest;
		};
/* End PBXContainerItemProxy section */

/* Begin PBXFileReference section */
		27E2D95D1B0C8C2300384475 /* EventLogTest.app */ = {isa = PBXFileReference; explicitFileType = wrapper.application; includeInIndex = 0; path = EventLogTest.app; sourceTree = BUILT_PRODUCTS_DIR; };
		27E2D9611B0C8C2300384475 /* Info.plist */ = {isa = PBXFileReference; lastKnownFileType = text.plist.xml; path = Info.plist; sourceTree = "<group>"; };
		27E2D9621B0C8C2300384475 /* main.m */ = {isa = PBXFileReference; lastKnownFileType = sourcecode.c.objc; path = main.m; sourceTree = "<group>"; };
		27E2D9641B0C8C2300384475 /* AppDelegate.h */ = {isa = PBXFileReference; lastKnownFileType = sourcecode.c.h; path = AppDelegate.h; sourceTree = "<group>"; };
		27E2D9651B0C8C2300384475 /* AppDelegate.m */ = {isa = PBXFileReference; lastKnownFileType = sourcecode.c.objc; path = AppDelegate.m; sourceTree = "<group>"; };
		27E2D9671B0C8C2300384475 /* ViewController.h */ = {isa = PBXFileReference; lastKnownFileType = sourcecode.c.h; path = ViewController.h; sourceTree = "<group>"; };
		27E2D9681B0C8C2300384475 /* ViewController.m */ = {isa = PBXFileReference; lastKnownFileType = sourcecode.c.objc; path = ViewController.m; sourceTree = "<group>"; };
		27E2D96B1B0C8C2300384475 /* Base */ = {isa = PBXFileReference; lastKnownFileType = file.storyboard; name = Base; path = Base.lproj/Main.storyboard; sourceTree = "<group>"; };
		27E2D96D1B0C8C2300384475 /* Images.xcassets */ = {isa = PBXFileReference; lastKnownFileType = folder.assetcatalog; path = Images.xcassets; sourceTree = "<group>"; };
		27E2D9701B0C8C2300384475 /* Base */ = {isa = PBXFileReference; lastKnownFileType = file.xib; name = Base; path = Base.lproj/LaunchScreen.xib; sourceTree = "<group>"; };
		27E2D9761B0C8C2300384475 /* EventLogTestTests.xctest */ = {isa = PBXFileReference; explicitFileType = wrapper.cfbundle; includeInIndex = 0; path = EventLogTestTests.xctest; sourceTree = BUILT_PRODUCTS_DIR; };
		27E2D97B1B0C8C2300384475 /* Info.plist */ = {isa = PBXFileReference; lastKnownFileType = text.plist.xml; path = Info.plist; sourceTree = "<group>"; };
		27E2D97C1B0C8C2300384475 /* EventLogTestTests.m */ = {isa = PBXFileReference; lastKnownFileType = sourcecode.c.objc; path = EventLogTestTests.m; sourceTree = "<group>"; };
		27E2D9861B0C8F7800384475 /* readme.txt */ = {isa = PBXFileReference; fileEncoding = 4; lastKnownFileType = text; path = readme.txt; sourceTree = SOURCE_ROOT; };
		27E2D9881B0C907A00384475 /* CustomApplication.h */ = {isa = PBXFileReference; fileEncoding = 4; lastKnownFileType = sourcecode.c.h; path = CustomApplication.h; sourceTree = "<group>"; };
		27E2D9891B0C907A00384475 /* CustomApplication.m */ = {isa = PBXFileReference; fileEncoding = 4; lastKnownFileType = sourcecode.c.objc; path = CustomApplication.m; sourceTree = "<group>"; };
		27E2D98B1B0C920300384475 /* UIApplication+EventRecord.h */ = {isa = PBXFileReference; fileEncoding = 4; lastKnownFileType = sourcecode.c.h; path = "UIApplication+EventRecord.h"; sourceTree = "<group>"; };
		27E2D98C1B0C920300384475 /* UIApplication+EventRecord.m */ = {isa = PBXFileReference; fileEncoding = 4; lastKnownFileType = sourcecode.c.objc; path = "UIApplication+EventRecord.m"; sourceTree = "<group>"; };
/* End PBXFileReference section */

/* Begin PBXFrameworksBuildPhase section */
		27E2D95A1B0C8C2300384475 /* Frameworks */ = {
			isa = PBXFrameworksBuildPhase;
			buildActionMask = 2147483647;
			files = (
			);
			runOnlyForDeploymentPostprocessing = 0;
		};
		27E2D9731B0C8C2300384475 /* Frameworks */ = {
			isa = PBXFrameworksBuildPhase;
			buildActionMask = 2147483647;
			files = (
			);
			runOnlyForDeploymentPostprocessing = 0;
		};
/* End PBXFrameworksBuildPhase section */

/* Begin PBXGroup section */
		27E2D9541B0C8C2300384475 = {
			isa = PBXGroup;
			children = (
				27E2D9861B0C8F7800384475 /* readme.txt */,
				27E2D95F1B0C8C2300384475 /* EventLogTest */,
				27E2D9791B0C8C2300384475 /* EventLogTestTests */,
				27E2D95E1B0C8C2300384475 /* Products */,
			);
			sourceTree = "<group>";
		};
		27E2D95E1B0C8C2300384475 /* Products */ = {
			isa = PBXGroup;
			children = (
				27E2D95D1B0C8C2300384475 /* EventLogTest.app */,
				27E2D9761B0C8C2300384475 /* EventLogTestTests.xctest */,
			);
			name = Products;
			sourceTree = "<group>";
		};
		27E2D95F1B0C8C2300384475 /* EventLogTest */ = {
			isa = PBXGroup;
			children = (
				27E2D9641B0C8C2300384475 /* AppDelegate.h */,
				27E2D9651B0C8C2300384475 /* AppDelegate.m */,
				27E2D9671B0C8C2300384475 /* ViewController.h */,
				27E2D9681B0C8C2300384475 /* ViewController.m */,
				27E2D9881B0C907A00384475 /* CustomApplication.h */,
				27E2D9891B0C907A00384475 /* CustomApplication.m */,
				27E2D98B1B0C920300384475 /* UIApplication+EventRecord.h */,
				27E2D98C1B0C920300384475 /* UIApplication+EventRecord.m */,
				27E2D96A1B0C8C2300384475 /* Main.storyboard */,
				27E2D96D1B0C8C2300384475 /* Images.xcassets */,
				27E2D96F1B0C8C2300384475 /* LaunchScreen.xib */,
				27E2D9601B0C8C2300384475 /* Supporting Files */,
			);
			path = EventLogTest;
			sourceTree = "<group>";
		};
		27E2D9601B0C8C2300384475 /* Supporting Files */ = {
			isa = PBXGroup;
			children = (
				27E2D9611B0C8C2300384475 /* Info.plist */,
				27E2D9621B0C8C2300384475 /* main.m */,
			);
			name = "Supporting Files";
			sourceTree = "<group>";
		};
		27E2D9791B0C8C2300384475 /* EventLogTestTests */ = {
			isa = PBXGroup;
			children = (
				27E2D97C1B0C8C2300384475 /* EventLogTestTests.m */,
				27E2D97A1B0C8C2300384475 /* Supporting Files */,
			);
			path = EventLogTestTests;
			sourceTree = "<group>";
		};
		27E2D97A1B0C8C2300384475 /* Supporting Files */ = {
			isa = PBXGroup;
			children = (
				27E2D97B1B0C8C2300384475 /* Info.plist */,
			);
			name = "Supporting Files";
			sourceTree = "<group>";
		};
/* End PBXGroup section */

/* Begin PBXNativeTarget section */
		27E2D95C1B0C8C2300384475 /* EventLogTest */ = {
			isa = PBXNativeTarget;
			buildConfigurationList = 27E2D9801B0C8C2300384475 /* Build configuration list for PBXNativeTarget "EventLogTest" */;
			buildPhases = (
				27E2D9591B0C8C2300384475 /* Sources */,
				27E2D95A1B0C8C2300384475 /* Frameworks */,
				27E2D95B1B0C8C2300384475 /* Resources */,
			);
			buildRules = (
			);
			dependencies = (
			);
			name = EventLogTest;
			productName = EventLogTest;
			productReference = 27E2D95D1B0C8C2300384475 /* EventLogTest.app */;
			productType = "com.apple.product-type.application";
		};
		27E2D9751B0C8C2300384475 /* EventLogTestTests */ = {
			isa = PBXNativeTarget;
			buildConfigurationList = 27E2D9831B0C8C2300384475 /* Build configuration list for PBXNativeTarget "EventLogTestTests" */;
			buildPhases = (
				27E2D9721B0C8C2300384475 /* Sources */,
				27E2D9731B0C8C2300384475 /* Frameworks */,
				27E2D9741B0C8C2300384475 /* Resources */,
			);
			buildRules = (
			);
			dependencies = (
				27E2D9781B0C8C2300384475 /* PBXTargetDependency */,
			);
			name = EventLogTestTests;
			productName = EventLogTestTests;
			productReference = 27E2D9761B0C8C2300384475 /* EventLogTestTests.xctest */;
			productType = "com.apple.product-type.bundle.unit-test";
		};
/* End PBXNativeTarget section */

/* Begin PBXProject section */
		27E2D9551B0C8C2300384475 /* Project object */ = {
			isa = PBXProject;
			attributes = {
				LastUpgradeCheck = 0630;
				TargetAttributes = {
					27E2D95C1B0C8C2300384475 = {
						CreatedOnToolsVersion = 6.3.1;
					};
					27E2D9751B0C8C2300384475 = {
						CreatedOnToolsVersion = 6.3.1;
						TestTargetID = 27E2D95C1B0C8C2300384475;
					};
				};
			};
			buildConfigurationList = 27E2D9581B0C8C2300384475 /* Build configuration list for PBXProject "EventLogTest" */;
			compatibilityVersion = "Xcode 3.2";
			developmentRegion = English;
			hasScannedForEncodings = 0;
			knownRegions = (
				en,
				Base,
			);
			mainGroup = 27E2D9541B0C8C2300384475;
			productRefGroup = 27E2D95E1B0C8C2300384475 /* Products */;
			projectDirPath = "";
			projectRoot = "";
			targets = (
				27E2D95C1B0C8C2300384475 /* EventLogTest */,
				27E2D9751B0C8C2300384475 /* EventLogTestTests */,
			);
		};
/* End PBXProject section */

/* Begin PBXResourcesBuildPhase section */
		27E2D95B1B0C8C2300384475 /* Resources */ = {
			isa = PBXResourcesBuildPhase;
			buildActionMask = 2147483647;
			files = (
				27E2D96C1B0C8C2300384475 /* Main.storyboard in Resources */,
				27E2D9711B0C8C2300384475 /* LaunchScreen.xib in Resources */,
				27E2D9871B0C8F7800384475 /* readme.txt in Resources */,
				27E2D96E1B0C8C2300384475 /* Images.xcassets in Resources */,
			);
			runOnlyForDeploymentPostprocessing = 0;
		};
		27E2D9741B0C8C2300384475 /* Resources */ = {
			isa = PBXResourcesBuildPhase;
			buildActionMask = 2147483647;
			files = (
			);
			runOnlyForDeploymentPostprocessing = 0;
		};
/* End PBXResourcesBuildPhase section */

/* Begin PBXSourcesBuildPhase section */
		27E2D9591B0C8C2300384475 /* Sources */ = {
			isa = PBXSourcesBuildPhase;
			buildActionMask = 2147483647;
			files = (
				27E2D9691B0C8C2300384475 /* ViewController.m in Sources */,
				27E2D98A1B0C907A00384475 /* CustomApplication.m in Sources */,
				27E2D9661B0C8C2300384475 /* AppDelegate.m in Sources */,
				27E2D98D1B0C920300384475 /* UIApplication+EventRecord.m in Sources */,
				27E2D9631B0C8C2300384475 /* main.m in Sources */,
			);
			runOnlyForDeploymentPostprocessing = 0;
		};
		27E2D9721B0C8C2300384475 /* Sources */ = {
			isa = PBXSourcesBuildPhase;
			buildActionMask = 2147483647;
			files = (
				27E2D97D1B0C8C2300384475 /* EventLogTestTests.m in Sources */,
			);
			runOnlyForDeploymentPostprocessing = 0;
		};
/* End PBXSourcesBuildPhase section */

/* Begin PBXTargetDependency section */
		27E2D9781B0C8C2300384475 /* PBXTargetDependency */ = {
			isa = PBXTargetDependency;
			target = 27E2D95C1B0C8C2300384475 /* EventLogTest */;
			targetProxy = 27E2D9771B0C8C2300384475 /* PBXContainerItemProxy */;
		};
/* End PBXTargetDependency section */

/* Begin PBXVariantGroup section */
		27E2D96A1B0C8C2300384475 /* Main.storyboard */ = {
			isa = PBXVariantGroup;
			children = (
				27E2D96B1B0C8C2300384475 /* Base */,
			);
			name = Main.storyboard;
			sourceTree = "<group>";
		};
		27E2D96F1B0C8C2300384475 /* LaunchScreen.xib */ = {
			isa = PBXVariantGroup;
			children = (
				27E2D9701B0C8C2300384475 /* Base */,
			);
			name = LaunchScreen.xib;
			sourceTree = "<group>";
		};
/* End PBXVariantGroup section */

/* Begin XCBuildConfiguration section */
		27E2D97E1B0C8C2300384475 /* Debug */ = {
			isa = XCBuildConfiguration;
			buildSettings = {
				ALWAYS_SEARCH_USER_PATHS = NO;
				CLANG_CXX_LANGUAGE_STANDARD = "gnu++0x";
				CLANG_CXX_LIBRARY = "libc++";
				CLANG_ENABLE_MODULES = YES;
				CLANG_ENABLE_OBJC_ARC = YES;
				CLANG_WARN_BOOL_CONVERSION = YES;
				CLANG_WARN_CONSTANT_CONVERSION = YES;
				CLANG_WARN_DIRECT_OBJC_ISA_USAGE = YES_ERROR;
				CLANG_WARN_EMPTY_BODY = YES;
				CLANG_WARN_ENUM_CONVERSION = YES;
				CLANG_WARN_INT_CONVERSION = YES;
				CLANG_WARN_OBJC_ROOT_CLASS = YES_ERROR;
				CLANG_WARN_UNREACHABLE_CODE = YES;
				CLANG_WARN__DUPLICATE_METHOD_MATCH = YES;
				"CODE_SIGN_IDENTITY[sdk=iphoneos*]" = "iPhone Developer";
				COPY_PHASE_STRIP = NO;
				DEBUG_INFORMATION_FORMAT = "dwarf-with-dsym";
				ENABLE_STRICT_OBJC_MSGSEND = YES;
				GCC_C_LANGUAGE_STANDARD = gnu99;
				GCC_DYNAMIC_NO_PIC = NO;
				GCC_NO_COMMON_BLOCKS = YES;
				GCC_OPTIMIZATION_LEVEL = 0;
				GCC_PREPROCESSOR_DEFINITIONS = (
					"DEBUG=1",
					"$(inherited)",
				);
				GCC_SYMBOLS_PRIVATE_EXTERN = NO;
				GCC_WARN_64_TO_32_BIT_CONVERSION = YES;
				GCC_WARN_ABOUT_RETURN_TYPE = YES_ERROR;
				GCC_WARN_UNDECLARED_SELECTOR = YES;
				GCC_WARN_UNINITIALIZED_AUTOS = YES_AGGRESSIVE;
				GCC_WARN_UNUSED_FUNCTION = YES;
				GCC_WARN_UNUSED_VARIABLE = YES;
				IPHONEOS_DEPLOYMENT_TARGET = 8.3;
				MTL_ENABLE_DEBUG_INFO = YES;
				ONLY_ACTIVE_ARCH = YES;
				SDKROOT = iphoneos;
				TARGETED_DEVICE_FAMILY = "1,2";
			};
			name = Debug;
		};
		27E2D97F1B0C8C2300384475 /* Release */ = {
			isa = XCBuildConfiguration;
			buildSettings = {
				ALWAYS_SEARCH_USER_PATHS = NO;
				CLANG_CXX_LANGUAGE_STANDARD = "gnu++0x";
				CLANG_CXX_LIBRARY = "libc++";
				CLANG_ENABLE_MODULES = YES;
				CLANG_ENABLE_OBJC_ARC = YES;
				CLANG_WARN_BOOL_CONVERSION = YES;
				CLANG_WARN_CONSTANT_CONVERSION = YES;
				CLANG_WARN_DIRECT_OBJC_ISA_USAGE = YES_ERROR;
				CLANG_WARN_EMPTY_BODY = YES;
				CLANG_WARN_ENUM_CONVERSION = YES;
				CLANG_WARN_INT_CONVERSION = YES;
				CLANG_WARN_OBJC_ROOT_CLASS = YES_ERROR;
				CLANG_WARN_UNREACHABLE_CODE = YES;
				CLANG_WARN__DUPLICATE_METHOD_MATCH = YES;
				"CODE_SIGN_IDENTITY[sdk=iphoneos*]" = "iPhone Developer";
				COPY_PHASE_STRIP = NO;
				DEBUG_INFORMATION_FORMAT = "dwarf-with-dsym";
				ENABLE_NS_ASSERTIONS = NO;
				ENABLE_STRICT_OBJC_MSGSEND = YES;
				GCC_C_LANGUAGE_STANDARD = gnu99;
				GCC_NO_COMMON_BLOCKS = YES;
				GCC_WARN_64_TO_32_BIT_CONVERSION = YES;
				GCC_WARN_ABOUT_RETURN_TYPE = YES_ERROR;
				GCC_WARN_UNDECLARED_SELECTOR = YES;
				GCC_WARN_UNINITIALIZED_AUTOS = YES_AGGRESSIVE;
				GCC_WARN_UNUSED_FUNCTION = YES;
				GCC_WARN_UNUSED_VARIABLE = YES;
				IPHONEOS_DEPLOYMENT_TARGET = 8.3;
				MTL_ENABLE_DEBUG_INFO = NO;
				SDKROOT = iphoneos;
				TARGETED_DEVICE_FAMILY = "1,2";
				VALIDATE_PRODUCT = YES;
			};
			name = Release;
		};
		27E2D9811B0C8C2300384475 /* Debug */ = {
			isa = XCBuildConfiguration;
			buildSettings = {
				ASSETCATALOG_COMPILER_APPICON_NAME = AppIcon;
				INFOPLIST_FILE = EventLogTest/Info.plist;
				LD_RUNPATH_SEARCH_PATHS = "$(inherited) @executable_path/Frameworks";
				PRODUCT_NAME = "$(TARGET_NAME)";
			};
			name = Debug;
		};
		27E2D9821B0C8C2300384475 /* Release */ = {
			isa = XCBuildConfiguration;
			buildSettings = {
				ASSETCATALOG_COMPILER_APPICON_NAME = AppIcon;
				INFOPLIST_FILE = EventLogTest/Info.plist;
				LD_RUNPATH_SEARCH_PATHS = "$(inherited) @executable_path/Frameworks";
				PRODUCT_NAME = "$(TARGET_NAME)";
			};
			name = Release;
		};
		27E2D9841B0C8C2300384475 /* Debug */ = {
			isa = XCBuildConfiguration;
			buildSettings = {
				BUNDLE_LOADER = "$(TEST_HOST)";
				FRAMEWORK_SEARCH_PATHS = (
					"$(SDKROOT)/Developer/Library/Frameworks",
					"$(inherited)",
				);
				GCC_PREPROCESSOR_DEFINITIONS = (
					"DEBUG=1",
					"$(inherited)",
				);
				INFOPLIST_FILE = EventLogTestTests/Info.plist;
				LD_RUNPATH_SEARCH_PATHS = "$(inherited) @executable_path/Frameworks @loader_path/Frameworks";
				PRODUCT_NAME = "$(TARGET_NAME)";
				TEST_HOST = "$(BUILT_PRODUCTS_DIR)/EventLogTest.app/EventLogTest";
			};
			name = Debug;
		};
		27E2D9851B0C8C2300384475 /* Release */ = {
			isa = XCBuildConfiguration;
			buildSettings = {
				BUNDLE_LOADER = "$(TEST_HOST)";
				FRAMEWORK_SEARCH_PATHS = (
					"$(SDKROOT)/Developer/Library/Frameworks",
					"$(inherited)",
				);
				INFOPLIST_FILE = EventLogTestTests/Info.plist;
				LD_RUNPATH_SEARCH_PATHS = "$(inherited) @executable_path/Frameworks @loader_path/Frameworks";
				PRODUCT_NAME = "$(TARGET_NAME)";
				TEST_HOST = "$(BUILT_PRODUCTS_DIR)/EventLogTest.app/EventLogTest";
			};
			name = Release;
		};
/* End XCBuildConfiguration section */

/* Begin XCConfigurationList section */
		27E2D9581B0C8C2300384475 /* Build configuration list for PBXProject "EventLogTest" */ = {
			isa = XCConfigurationList;
			buildConfigurations = (
				27E2D97E1B0C8C2300384475 /* Debug */,
				27E2D97F1B0C8C2300384475 /* Release */,
			);
			defaultConfigurationIsVisible = 0;
			defaultConfigurationName = Release;
		};
		27E2D9801B0C8C2300384475 /* Build configuration list for PBXNativeTarget "EventLogTest" */ = {
			isa = XCConfigurationList;
			buildConfigurations = (
				27E2D9811B0C8C2300384475 /* Debug */,
				27E2D9821B0C8C2300384475 /* Release */,
			);
			defaultConfigurationIsVisible = 0;
		};
		27E2D9831B0C8C2300384475 /* Build configuration list for PBXNativeTarget "EventLogTestTests" */ = {
			isa = XCConfigurationList;
			buildConfigurations = (
				27E2D9841B0C8C2300384475 /* Debug */,
				27E2D9851B0C8C2300384475 /* Release */,
			);
			defaultConfigurationIsVisible = 0;
		};
/* End XCConfigurationList section */
	};
	rootObject = 27E2D9551B0C8C2300384475 /* Project object */;
}
